
Microsoft Visual Studio Solution File, Format Version 12.00
# Visual Studio Version 17
VisualStudioVersion = 17.3.32825.248
MinimumVisualStudioVersion = 10.0.40219.1
Project("{FAE04EC0-301F-11D3-BF4B-00C04F79EFBC}") = "SocialNetwork", "SocialNetwork.csproj", "{4E49D464-0315-4D1F-AE68-C1FDE73CB000}"
EndProject
Global
	GlobalSection(SolutionConfigurationPlatforms) = preSolution
		Debug|Any CPU = Debug|Any CPU
		Release|Any CPU = Release|Any CPU
	EndGlobalSection
	GlobalSection(ProjectConfigurationPlatforms) = postSolution
		{4E49D464-0315-4D1F-AE68-C1FDE73CB000}.Debug|Any CPU.ActiveCfg = Debug|Any CPU
		{4E49D464-0315-4D1F-AE68-C1FDE73CB000}.Debug|Any CPU.Build.0 = Debug|Any CPU
		{4E49D464-0315-4D1F-AE68-C1FDE73CB000}.Release|Any CPU.ActiveCfg = Release|Any CPU
		{4E49D464-0315-4D1F-AE68-C1FDE73CB000}.Release|Any CPU.Build.0 = Release|Any CPU
	EndGlobalSection
	GlobalSection(SolutionProperties) = preSolution
		HideSolutionNode = FALSE
	EndGlobalSection
	GlobalSection(ExtensibilityGlobals) = postSolution
		SolutionGuid = {F648A863-9986-4F06-972E-8AA5A8002840}
	EndGlobalSection
EndGlobal
